
Microsoft Visual Studio Solution File, Format Version 12.00
# Visual Studio Version 16
VisualStudioVersion = 16.0.28922.388
MinimumVisualStudioVersion = 10.0.40219.1
Project("{9A19103F-16F7-4668-BE54-9A1E7A4F7556}") = "C3Git.Cli", "C3Git.Cli\C3Git.Cli.csproj", "{2D6389B2-A8AD-49CE-B328-FF24AB2350C8}"
EndProject
Global
	GlobalSection(SolutionConfigurationPlatforms) = preSolution
		Debug|Any CPU = Debug|Any CPU
		Release|Any CPU = Release|Any CPU
	EndGlobalSection
	GlobalSection(ProjectConfigurationPlatforms) = postSolution
		{2D6389B2-A8AD-49CE-B328-FF24AB2350C8}.Debug|Any CPU.ActiveCfg = Debug|Any CPU
		{2D6389B2-A8AD-49CE-B328-FF24AB2350C8}.Debug|Any CPU.Build.0 = Debug|Any CPU
		{2D6389B2-A8AD-49CE-B328-FF24AB2350C8}.Release|Any CPU.ActiveCfg = Release|Any CPU
		{2D6389B2-A8AD-49CE-B328-FF24AB2350C8}.Release|Any CPU.Build.0 = Release|Any CPU
	EndGlobalSection
	GlobalSection(SolutionProperties) = preSolution
		HideSolutionNode = FALSE
	EndGlobalSection
	GlobalSection(ExtensibilityGlobals) = postSolution
		SolutionGuid = {5ED85863-B23A-4CF5-AFEB-C43339C69E14}
	EndGlobalSection
EndGlobal
